// !$*UTF8*$!
{
	archiveVersion = 1;
	classes = {
	};
	objectVersion = 46;
	objects = {

/* Begin PBXBuildFile section */
		5DB5297E1DC91B9E0005396D /* AppDelegate.swift in Sources */ = {isa = PBXBuildFile; fileRef = 5DB5297D1DC91B9E0005396D /* AppDelegate.swift */; };
		5DB529801DC91B9E0005396D /* ViewController.swift in Sources */ = {isa = PBXBuildFile; fileRef = 5DB5297F1DC91B9E0005396D /* ViewController.swift */; };
		5DB529831DC91B9E0005396D /* Main.storyboard in Resources */ = {isa = PBXBuildFile; fileRef = 5DB529811DC91B9E0005396D /* Main.storyboard */; };
		5DB529851DC91B9E0005396D /* Assets.xcassets in Resources */ = {isa = PBXBuildFile; fileRef = 5DB529841DC91B9E0005396D /* Assets.xcassets */; };
		5DB529881DC91B9E0005396D /* LaunchScreen.storyboard in Resources */ = {isa = PBXBuildFile; fileRef = 5DB529861DC91B9E0005396D /* LaunchScreen.storyboard */; };
		5DB529901DC91D550005396D /* cat-adult-landing-hero.jpg in Resources */ = {isa = PBXBuildFile; fileRef = 5DB5298F1DC91D550005396D /* cat-adult-landing-hero.jpg */; };
/* End PBXBuildFile section */

/* Begin PBXFileReference section */
		5DB5297A1DC91B9E0005396D /* Cat Years.app */ = {isa = PBXFileReference; explicitFileType = wrapper.application; includeInIndex = 0; path = "Cat Years.app"; sourceTree = BUILT_PRODUCTS_DIR; };
		5DB5297D1DC91B9E0005396D /* AppDelegate.swift */ = {isa = PBXFileReference; lastKnownFileType = sourcecode.swift; path = AppDelegate.swift; sourceTree = "<group>"; };
		5DB5297F1DC91B9E0005396D /* ViewController.swift */ = {isa = PBXFileReference; lastKnownFileType = sourcecode.swift; path = ViewController.swift; sourceTree = "<group>"; };
		5DB529821DC91B9E0005396D /* Base */ = {isa = PBXFileReference; lastKnownFileType = file.storyboard; name = Base; path = Base.lproj/Main.storyboard; sourceTree = "<group>"; };
		5DB529841DC91B9E0005396D /* Assets.xcassets */ = {isa = PBXFileReference; lastKnownFileType = folder.assetcatalog; path = Assets.xcassets; sourceTree = "<group>"; };
		5DB529871DC91B9E0005396D /* Base */ = {isa = PBXFileReference; lastKnownFileType = file.storyboard; name = Base; path = Base.lproj/LaunchScreen.storyboard; sourceTree = "<group>"; };
		5DB529891DC91B9E0005396D /* Info.plist */ = {isa = PBXFileReference; lastKnownFileType = text.plist.xml; path = Info.plist; sourceTree = "<group>"; };
		5DB5298F1DC91D550005396D /* cat-adult-landing-hero.jpg */ = {isa = PBXFileReference; lastKnownFileType = image.jpeg; path = "cat-adult-landing-hero.jpg"; sourceTree = "<group>"; };
/* End PBXFileReference section */

/* Begin PBXFrameworksBuildPhase section */
		5DB529771DC91B9D0005396D /* Frameworks */ = {
			isa = PBXFrameworksBuildPhase;
			buildActionMask = 2147483647;
			files = (
			);
			runOnlyForDeploymentPostprocessing = 0;
		};
/* End PBXFrameworksBuildPhase section */

/* Begin PBXGroup section */
		5DB529711DC91B9D0005396D = {
			isa = PBXGroup;
			children = (
				5DB5297C1DC91B9E0005396D /* Cat Years */,
				5DB5297B1DC91B9E0005396D /* Products */,
			);
			sourceTree = "<group>";
		};
		5DB5297B1DC91B9E0005396D /* Products */ = {
			isa = PBXGroup;
			children = (
				5DB5297A1DC91B9E0005396D /* Cat Years.app */,
			);
			name = Products;
			sourceTree = "<group>";
		};
		5DB5297C1DC91B9E0005396D /* Cat Years */ = {
			isa = PBXGroup;
			children = (
				5DB5297D1DC91B9E0005396D /* AppDelegate.swift */,
				5DB5297F1DC91B9E0005396D /* ViewController.swift */,
				5DB529811DC91B9E0005396D /* Main.storyboard */,
				5DB5298F1DC91D550005396D /* cat-adult-landing-hero.jpg */,
				5DB529841DC91B9E0005396D /* Assets.xcassets */,
				5DB529861DC91B9E0005396D /* LaunchScreen.storyboard */,
				5DB529891DC91B9E0005396D /* Info.plist */,
			);
			path = "Cat Years";
			sourceTree = "<group>";
		};
/* End PBXGroup section */

/* Begin PBXNativeTarget section */
		5DB529791DC91B9D0005396D /* Cat Years */ = {
			isa = PBXNativeTarget;
			buildConfigurationList = 5DB5298C1DC91B9E0005396D /* Build configuration list for PBXNativeTarget "Cat Years" */;
			buildPhases = (
				5DB529761DC91B9D0005396D /* Sources */,
				5DB529771DC91B9D0005396D /* Frameworks */,
				5DB529781DC91B9D0005396D /* Resources */,
			);
			buildRules = (
			);
			dependencies = (
			);
			name = "Cat Years";
			productName = "Cat Years";
			productReference = 5DB5297A1DC91B9E0005396D /* Cat Years.app */;
			productType = "com.apple.product-type.application";
		};
/* End PBXNativeTarget section */

/* Begin PBXProject section */
		5DB529721DC91B9D0005396D /* Project object */ = {
			isa = PBXProject;
			attributes = {
				LastSwiftUpdateCheck = 0810;
				LastUpgradeCheck = 0810;
				ORGANIZATIONNAME = "Seth Gallimore";
				TargetAttributes = {
					5DB529791DC91B9D0005396D = {
						CreatedOnToolsVersion = 8.1;
						ProvisioningStyle = Automatic;
					};
				};
			};
			buildConfigurationList = 5DB529751DC91B9D0005396D /* Build configuration list for PBXProject "Cat Years" */;
			compatibilityVersion = "Xcode 3.2";
			developmentRegion = English;
			hasScannedForEncodings = 0;
			knownRegions = (
				en,
				Base,
			);
			mainGroup = 5DB529711DC91B9D0005396D;
			productRefGroup = 5DB5297B1DC91B9E0005396D /* Products */;
			projectDirPath = "";
			projectRoot = "";
			targets = (
				5DB529791DC91B9D0005396D /* Cat Years */,
			);
		};
/* End PBXProject section */

/* Begin PBXResourcesBuildPhase section */
		5DB529781DC91B9D0005396D /* Resources */ = {
			isa = PBXResourcesBuildPhase;
			buildActionMask = 2147483647;
			files = (
				5DB529881DC91B9E0005396D /* LaunchScreen.storyboard in Resources */,
				5DB529901DC91D550005396D /* cat-adult-landing-hero.jpg in Resources */,
				5DB529851DC91B9E0005396D /* Assets.xcassets in Resources */,
				5DB529831DC91B9E0005396D /* Main.storyboard in Resources */,
			);
			runOnlyForDeploymentPostprocessing = 0;
		};
/* End PBXResourcesBuildPhase section */

/* Begin PBXSourcesBuildPhase section */
		5DB529761DC91B9D0005396D /* Sources */ = {
			isa = PBXSourcesBuildPhase;
			buildActionMask = 2147483647;
			files = (
				5DB529801DC91B9E0005396D /* ViewController.swift in Sources */,
				5DB5297E1DC91B9E0005396D /* AppDelegate.swift in Sources */,
			);
			runOnlyForDeploymentPostprocessing = 0;
		};
/* End PBXSourcesBuildPhase section */

/* Begin PBXVariantGroup section */
		5DB529811DC91B9E0005396D /* Main.storyboard */ = {
			isa = PBXVariantGroup;
			children = (
				5DB529821DC91B9E0005396D /* Base */,
			);
			name = Main.storyboard;
			sourceTree = "<group>";
		};
		5DB529861DC91B9E0005396D /* LaunchScreen.storyboard */ = {
			isa = PBXVariantGroup;
			children = (
				5DB529871DC91B9E0005396D /* Base */,
			);
			name = LaunchScreen.storyboard;
			sourceTree = "<group>";
		};
/* End PBXVariantGroup section */

/* Begin XCBuildConfiguration section */
		5DB5298A1DC91B9E0005396D /* Debug */ = {
			isa = XCBuildConfiguration;
			buildSettings = {
				ALWAYS_SEARCH_USER_PATHS = NO;
				CLANG_ANALYZER_NONNULL = YES;
				CLANG_CXX_LANGUAGE_STANDARD = "gnu++0x";
				CLANG_CXX_LIBRARY = "libc++";
				CLANG_ENABLE_MODULES = YES;
				CLANG_ENABLE_OBJC_ARC = YES;
				CLANG_WARN_BOOL_CONVERSION = YES;
				CLANG_WARN_CONSTANT_CONVERSION = YES;
				CLANG_WARN_DIRECT_OBJC_ISA_USAGE = YES_ERROR;
				CLANG_WARN_DOCUMENTATION_COMMENTS = YES;
				CLANG_WARN_EMPTY_BODY = YES;
				CLANG_WARN_ENUM_CONVERSION = YES;
				CLANG_WARN_INFINITE_RECURSION = YES;
				CLANG_WARN_INT_CONVERSION = YES;
				CLANG_WARN_OBJC_ROOT_CLASS = YES_ERROR;
				CLANG_WARN_SUSPICIOUS_MOVES = YES;
				CLANG_WARN_UNREACHABLE_CODE = YES;
				CLANG_WARN__DUPLICATE_METHOD_MATCH = YES;
				"CODE_SIGN_IDENTITY[sdk=iphoneos*]" = "iPhone Developer";
				COPY_PHASE_STRIP = NO;
				DEBUG_INFORMATION_FORMAT = dwarf;
				ENABLE_STRICT_OBJC_MSGSEND = YES;
				ENABLE_TESTABILITY = YES;
				GCC_C_LANGUAGE_STANDARD = gnu99;
				GCC_DYNAMIC_NO_PIC = NO;
				GCC_NO_COMMON_BLOCKS = YES;
				GCC_OPTIMIZATION_LEVEL = 0;
				GCC_PREPROCESSOR_DEFINITIONS = (
					"DEBUG=1",
					"$(inherited)",
				);
				GCC_WARN_64_TO_32_BIT_CONVERSION = YES;
				GCC_WARN_ABOUT_RETURN_TYPE = YES_ERROR;
				GCC_WARN_UNDECLARED_SELECTOR = YES;
				GCC_WARN_UNINITIALIZED_AUTOS = YES_AGGRESSIVE;
				GCC_WARN_UNUSED_FUNCTION = YES;
				GCC_WARN_UNUSED_VARIABLE = YES;
				IPHONEOS_DEPLOYMENT_TARGET = 10.1;
				MTL_ENABLE_DEBUG_INFO = YES;
				ONLY_ACTIVE_ARCH = YES;
				SDKROOT = iphoneos;
				SWIFT_ACTIVE_COMPILATION_CONDITIONS = DEBUG;
				SWIFT_OPTIMIZATION_LEVEL = "-Onone";
			};
			name = Debug;
		};
		5DB5298B1DC91B9E0005396D /* Release */ = {
			isa = XCBuildConfiguration;
			buildSettings = {
				ALWAYS_SEARCH_USER_PATHS = NO;
				CLANG_ANALYZER_NONNULL = YES;
				CLANG_CXX_LANGUAGE_STANDARD = "gnu++0x";
				CLANG_CXX_LIBRARY = "libc++";
				CLANG_ENABLE_MODULES = YES;
				CLANG_ENABLE_OBJC_ARC = YES;
				CLANG_WARN_BOOL_CONVERSION = YES;
				CLANG_WARN_CONSTANT_CONVERSION = YES;
				CLANG_WARN_DIRECT_OBJC_ISA_USAGE = YES_ERROR;
				CLANG_WARN_DOCUMENTATION_COMMENTS = YES;
				CLANG_WARN_EMPTY_BODY = YES;
				CLANG_WARN_ENUM_CONVERSION = YES;
				CLANG_WARN_INFINITE_RECURSION = YES;
				CLANG_WARN_INT_CONVERSION = YES;
				CLANG_WARN_OBJC_ROOT_CLASS = YES_ERROR;
				CLANG_WARN_SUSPICIOUS_MOVES = YES;
				CLANG_WARN_UNREACHABLE_CODE = YES;
				CLANG_WARN__DUPLICATE_METHOD_MATCH = YES;
				"CODE_SIGN_IDENTITY[sdk=iphoneos*]" = "iPhone Developer";
				COPY_PHASE_STRIP = NO;
				DEBUG_INFORMATION_FORMAT = "dwarf-with-dsym";
				ENABLE_NS_ASSERTIONS = NO;
				ENABLE_STRICT_OBJC_MSGSEND = YES;
				GCC_C_LANGUAGE_STANDARD = gnu99;
				GCC_NO_COMMON_BLOCKS = YES;
				GCC_WARN_64_TO_32_BIT_CONVERSION = YES;
				GCC_WARN_ABOUT_RETURN_TYPE = YES_ERROR;
				GCC_WARN_UNDECLARED_SELECTOR = YES;
				GCC_WARN_UNINITIALIZED_AUTOS = YES_AGGRESSIVE;
				GCC_WARN_UNUSED_FUNCTION = YES;
				GCC_WARN_UNUSED_VARIABLE = YES;
				IPHONEOS_DEPLOYMENT_TARGET = 10.1;
				MTL_ENABLE_DEBUG_INFO = NO;
				SDKROOT = iphoneos;
				SWIFT_OPTIMIZATION_LEVEL = "-Owholemodule";
				VALIDATE_PRODUCT = YES;
			};
			name = Release;
		};
		5DB5298D1DC91B9E0005396D /* Debug */ = {
			isa = XCBuildConfiguration;
			buildSettings = {
				ASSETCATALOG_COMPILER_APPICON_NAME = AppIcon;
				INFOPLIST_FILE = "Cat Years/Info.plist";
				LD_RUNPATH_SEARCH_PATHS = "$(inherited) @executable_path/Frameworks";
				PRODUCT_BUNDLE_IDENTIFIER = "com.example.Cat-Years";
				PRODUCT_NAME = "$(TARGET_NAME)";
				SWIFT_VERSION = 3.0;
			};
			name = Debug;
		};
		5DB5298E1DC91B9E0005396D /* Release */ = {
			isa = XCBuildConfiguration;
			buildSettings = {
				ASSETCATALOG_COMPILER_APPICON_NAME = AppIcon;
				INFOPLIST_FILE = "Cat Years/Info.plist";
				LD_RUNPATH_SEARCH_PATHS = "$(inherited) @executable_path/Frameworks";
				PRODUCT_BUNDLE_IDENTIFIER = "com.example.Cat-Years";
				PRODUCT_NAME = "$(TARGET_NAME)";
				SWIFT_VERSION = 3.0;
			};
			name = Release;
		};
/* End XCBuildConfiguration section */

/* Begin XCConfigurationList section */
		5DB529751DC91B9D0005396D /* Build configuration list for PBXProject "Cat Years" */ = {
			isa = XCConfigurationList;
			buildConfigurations = (
				5DB5298A1DC91B9E0005396D /* Debug */,
				5DB5298B1DC91B9E0005396D /* Release */,
			);
			defaultConfigurationIsVisible = 0;
			defaultConfigurationName = Release;
		};
		5DB5298C1DC91B9E0005396D /* Build configuration list for PBXNativeTarget "Cat Years" */ = {
			isa = XCConfigurationList;
			buildConfigurations = (
				5DB5298D1DC91B9E0005396D /* Debug */,
				5DB5298E1DC91B9E0005396D /* Release */,
			);
			defaultConfigurationIsVisible = 0;
		};
/* End XCConfigurationList section */
	};
	rootObject = 5DB529721DC91B9D0005396D /* Project object */;
}
